
Microsoft Visual Studio Solution File, Format Version 12.00
# Visual Studio Version 16
VisualStudioVersion = 16.0.30011.22
MinimumVisualStudioVersion = 10.0.40219.1
Project("{888888A0-9F3D-457C-B088-3A5042F75D52}") = "InstaBot", "InstaBot\InstaBot.pyproj", "{43836255-C09E-4BEF-BDEF-429387C2C435}"
EndProject
Global
	GlobalSection(SolutionConfigurationPlatforms) = preSolution
		Debug|Any CPU = Debug|Any CPU
		Release|Any CPU = Release|Any CPU
	EndGlobalSection
	GlobalSection(ProjectConfigurationPlatforms) = postSolution
		{43836255-C09E-4BEF-BDEF-429387C2C435}.Debug|Any CPU.ActiveCfg = Debug|Any CPU
		{43836255-C09E-4BEF-BDEF-429387C2C435}.Release|Any CPU.ActiveCfg = Release|Any CPU
	EndGlobalSection
	GlobalSection(SolutionProperties) = preSolution
		HideSolutionNode = FALSE
	EndGlobalSection
	GlobalSection(ExtensibilityGlobals) = postSolution
		SolutionGuid = {E3560582-27F2-47A2-9F47-4A96936DB7D7}
	EndGlobalSection
EndGlobal
